{
  "name": "simple-build-kit",
  "version": "0.9.0",
  "lockfileVersion": 1,
  "requires": true,
  "dependencies": {
    "fs-readdir-recursive": {
      "version": "1.1.0",
      "resolved": "https://registry.npmjs.org/fs-readdir-recursive/-/fs-readdir-recursive-1.1.0.tgz",
      "integrity": "sha512-GNanXlVr2pf02+sPN40XN8HG+ePaNcvM0q5mZBd668Obwb0yD5GiUbZOFgwn8kGMY6I3mdyDJzieUy3PTYyTRA==",
      "dev": true
    },
    "mock-fs": {
      "version": "4.10.4",
      "resolved": "https://registry.npmjs.org/mock-fs/-/mock-fs-4.10.4.tgz",
      "integrity": "sha512-gDfZDLaPIvtOusbusLinfx6YSe2YpQsDT8qdP41P47dQ/NQggtkHukz7hwqgt8QvMBmAv+Z6DGmXPyb5BWX2nQ==",
      "dev": true
    },
    "titef": {
      "version": "2.2.2",
      "resolved": "https://registry.npmjs.org/titef/-/titef-2.2.2.tgz",
      "integrity": "sha512-YHdPcwmP8JgB/5aRihL3h28+Eui8AKngZpTfFnIQPibHSPOVZxtgA6ZccMvgUhs6vIApcOENq9ka9ZKUCo62aA==",
      "dev": true
    }
  }
}
